github.com/UnnoTed/go-appindicator v0.0.0-20230327231603-45f589795ad5 h1:r3Y+OEnw+CYHCYiIef021S4L7lsNySqmkEfSZ9kIGxw=
github.com/UnnoTed/go-appindicator v0.0.0-20230327231603-45f589795ad5/go.mod h1:8FIdpkN+We/mgujoOxDy3dTp7R6wWYIkvfwQ96PftsM=
github.com/gotk3/gotk3 v0.6.1/go.mod h1:/hqFpkNa9T3JgNAE2fLvCdov7c5bw//FHNZrZ3Uv9/Q=
github.com/gotk3/gotk3 v0.6.5-0.20251124190141-e7a9e823ca35 h1:BelWQzAzJfSMA1qbuzoV9Tp57+NCvYouEA5cWVpYcSk=
github.com/gotk3/gotk3 v0.6.5-0.20251124190141-e7a9e823ca35/go.mod h1:/hqFpkNa9T3JgNAE2fLvCdov7c5bw//FHNZrZ3Uv9/Q=
